
Microsoft Visual Studio Solution File, Format Version 12.00
# Visual Studio Version 17
VisualStudioVersion = 17.11.35312.102
MinimumVisualStudioVersion = 10.0.40219.1
Project("{FAE04EC0-301F-11D3-BF4B-00C04F79EFBC}") = "StairFinishing", "StairFinishing\StairFinishing.csproj", "{BC99EEAD-EC6D-4190-B0C5-71C1E1F53989}"
EndProject
Global
	GlobalSection(SolutionConfigurationPlatforms) = preSolution
		Debug R20|Any CPU = Debug R20|Any CPU
		Debug R21|Any CPU = Debug R21|Any CPU
		Debug R22|Any CPU = Debug R22|Any CPU
		Debug R23|Any CPU = Debug R23|Any CPU
		Debug R24|Any CPU = Debug R24|Any CPU
		Debug R25|Any CPU = Debug R25|Any CPU
		Release R20|Any CPU = Release R20|Any CPU
		Release R21|Any CPU = Release R21|Any CPU
		Release R22|Any CPU = Release R22|Any CPU
		Release R23|Any CPU = Release R23|Any CPU
		Release R24|Any CPU = Release R24|Any CPU
		Release R25|Any CPU = Release R25|Any CPU
	EndGlobalSection
	GlobalSection(ProjectConfigurationPlatforms) = postSolution
		{BC99EEAD-EC6D-4190-B0C5-71C1E1F53989}.Debug R20|Any CPU.ActiveCfg = Debug R20|Any CPU
		{BC99EEAD-EC6D-4190-B0C5-71C1E1F53989}.Debug R20|Any CPU.Build.0 = Debug R20|Any CPU
		{BC99EEAD-EC6D-4190-B0C5-71C1E1F53989}.Debug R21|Any CPU.ActiveCfg = Debug R21|Any CPU
		{BC99EEAD-EC6D-4190-B0C5-71C1E1F53989}.Debug R21|Any CPU.Build.0 = Debug R21|Any CPU
		{BC99EEAD-EC6D-4190-B0C5-71C1E1F53989}.Debug R22|Any CPU.ActiveCfg = Debug R22|Any CPU
		{BC99EEAD-EC6D-4190-B0C5-71C1E1F53989}.Debug R22|Any CPU.Build.0 = Debug R22|Any CPU
		{BC99EEAD-EC6D-4190-B0C5-71C1E1F53989}.Debug R23|Any CPU.ActiveCfg = Debug R23|Any CPU
		{BC99EEAD-EC6D-4190-B0C5-71C1E1F53989}.Debug R23|Any CPU.Build.0 = Debug R23|Any CPU
		{BC99EEAD-EC6D-4190-B0C5-71C1E1F53989}.Debug R24|Any CPU.ActiveCfg = Debug R24|Any CPU
		{BC99EEAD-EC6D-4190-B0C5-71C1E1F53989}.Debug R24|Any CPU.Build.0 = Debug R24|Any CPU
		{BC99EEAD-EC6D-4190-B0C5-71C1E1F53989}.Debug R25|Any CPU.ActiveCfg = Debug R25|Any CPU
		{BC99EEAD-EC6D-4190-B0C5-71C1E1F53989}.Debug R25|Any CPU.Build.0 = Debug R25|Any CPU
		{BC99EEAD-EC6D-4190-B0C5-71C1E1F53989}.Release R20|Any CPU.ActiveCfg = Release R20|Any CPU
		{BC99EEAD-EC6D-4190-B0C5-71C1E1F53989}.Release R20|Any CPU.Build.0 = Release R20|Any CPU
		{BC99EEAD-EC6D-4190-B0C5-71C1E1F53989}.Release R21|Any CPU.ActiveCfg = Release R21|Any CPU
		{BC99EEAD-EC6D-4190-B0C5-71C1E1F53989}.Release R21|Any CPU.Build.0 = Release R21|Any CPU
		{BC99EEAD-EC6D-4190-B0C5-71C1E1F53989}.Release R22|Any CPU.ActiveCfg = Release R22|Any CPU
		{BC99EEAD-EC6D-4190-B0C5-71C1E1F53989}.Release R22|Any CPU.Build.0 = Release R22|Any CPU
		{BC99EEAD-EC6D-4190-B0C5-71C1E1F53989}.Release R23|Any CPU.ActiveCfg = Release R23|Any CPU
		{BC99EEAD-EC6D-4190-B0C5-71C1E1F53989}.Release R23|Any CPU.Build.0 = Release R23|Any CPU
		{BC99EEAD-EC6D-4190-B0C5-71C1E1F53989}.Release R24|Any CPU.ActiveCfg = Release R24|Any CPU
		{BC99EEAD-EC6D-4190-B0C5-71C1E1F53989}.Release R24|Any CPU.Build.0 = Release R24|Any CPU
		{BC99EEAD-EC6D-4190-B0C5-71C1E1F53989}.Release R25|Any CPU.ActiveCfg = Release R25|Any CPU
		{BC99EEAD-EC6D-4190-B0C5-71C1E1F53989}.Release R25|Any CPU.Build.0 = Release R25|Any CPU
	EndGlobalSection
	GlobalSection(SolutionProperties) = preSolution
		HideSolutionNode = FALSE
	EndGlobalSection
	GlobalSection(ExtensibilityGlobals) = postSolution
		SolutionGuid = {525B80FC-3DD4-4A62-871C-A74A8E5E4C1E}
	EndGlobalSection
EndGlobal
